// !$*UTF8*$!
{
	archiveVersion = 1;
	classes = {
	};
	objectVersion = 46;
	objects = {

/* Begin PBXBuildFile section */
		74B84DF41AD36BEC0022BECB /* main.m in Sources */ = {isa = PBXBuildFile; fileRef = 74B84DF31AD36BEC0022BECB /* main.m */; };
		74B84DF71AD36BEC0022BECB /* AppDelegate.m in Sources */ = {isa = PBXBuildFile; fileRef = 74B84DF61AD36BEC0022BECB /* AppDelegate.m */; };
		74B84DFD1AD36BEC0022BECB /* Main.storyboard in Resources */ = {isa = PBXBuildFile; fileRef = 74B84DFB1AD36BEC0022BECB /* Main.storyboard */; };
		74B84DFF1AD36BEC0022BECB /* Images.xcassets in Resources */ = {isa = PBXBuildFile; fileRef = 74B84DFE1AD36BEC0022BECB /* Images.xcassets */; };
		74B84E021AD36BEC0022BECB /* LaunchScreen.xib in Resources */ = {isa = PBXBuildFile; fileRef = 74B84E001AD36BEC0022BECB /* LaunchScreen.xib */; };
		74B84E0E1AD36BEC0022BECB /* moocTests.m in Sources */ = {isa = PBXBuildFile; fileRef = 74B84E0D1AD36BEC0022BECB /* moocTests.m */; };
		A52F9F591AD3DC8700DC04CF /* LoginViewController.m in Sources */ = {isa = PBXBuildFile; fileRef = A52F9F581AD3DC8700DC04CF /* LoginViewController.m */; };
		A52F9F5E1AD3DF8300DC04CF /* AVOSCloud.framework in Frameworks */ = {isa = PBXBuildFile; fileRef = A52F9F5D1AD3DF8300DC04CF /* AVOSCloud.framework */; };
		A52F9F611AD3DFDF00DC04CF /* SystemConfiguration.framework in Frameworks */ = {isa = PBXBuildFile; fileRef = A52F9F601AD3DFDF00DC04CF /* SystemConfiguration.framework */; };
		A52F9F631AD3DFED00DC04CF /* MobileCoreServices.framework in Frameworks */ = {isa = PBXBuildFile; fileRef = A52F9F621AD3DFED00DC04CF /* MobileCoreServices.framework */; };
		A52F9F651AD3DFF800DC04CF /* CoreTelephony.framework in Frameworks */ = {isa = PBXBuildFile; fileRef = A52F9F641AD3DFF800DC04CF /* CoreTelephony.framework */; };
		A52F9F671AD3E00000DC04CF /* CoreLocation.framework in Frameworks */ = {isa = PBXBuildFile; fileRef = A52F9F661AD3E00000DC04CF /* CoreLocation.framework */; };
		A52F9F691AD3E00A00DC04CF /* libicucore.dylib in Frameworks */ = {isa = PBXBuildFile; fileRef = A52F9F681AD3E00A00DC04CF /* libicucore.dylib */; };
		A52F9F6C1AD3E17F00DC04CF /* SignUpViewController.m in Sources */ = {isa = PBXBuildFile; fileRef = A52F9F6B1AD3E17F00DC04CF /* SignUpViewController.m */; };
/* End PBXBuildFile section */

/* Begin PBXContainerItemProxy section */
		74B84E081AD36BEC0022BECB /* PBXContainerItemProxy */ = {
			isa = PBXContainerItemProxy;
			containerPortal = 74B84DE61AD36BEB0022BECB /* Project object */;
			proxyType = 1;
			remoteGlobalIDString = 74B84DED1AD36BEB0022BECB;
			remoteInfo = mooc;
		};
/* End PBXContainerItemProxy section */

/* Begin PBXFileReference section */
		74B84DEE1AD36BEC0022BECB /* mooc.app */ = {isa = PBXFileReference; explicitFileType = wrapper.application; includeInIndex = 0; path = mooc.app; sourceTree = BUILT_PRODUCTS_DIR; };
		74B84DF21AD36BEC0022BECB /* Info.plist */ = {isa = PBXFileReference; lastKnownFileType = text.plist.xml; path = Info.plist; sourceTree = "<group>"; };
		74B84DF31AD36BEC0022BECB /* main.m */ = {isa = PBXFileReference; lastKnownFileType = sourcecode.c.objc; path = main.m; sourceTree = "<group>"; };
		74B84DF51AD36BEC0022BECB /* AppDelegate.h */ = {isa = PBXFileReference; lastKnownFileType = sourcecode.c.h; path = AppDelegate.h; sourceTree = "<group>"; };
		74B84DF61AD36BEC0022BECB /* AppDelegate.m */ = {isa = PBXFileReference; lastKnownFileType = sourcecode.c.objc; path = AppDelegate.m; sourceTree = "<group>"; };
		74B84DFC1AD36BEC0022BECB /* Base */ = {isa = PBXFileReference; lastKnownFileType = file.storyboard; name = Base; path = Base.lproj/Main.storyboard; sourceTree = "<group>"; };
		74B84DFE1AD36BEC0022BECB /* Images.xcassets */ = {isa = PBXFileReference; lastKnownFileType = folder.assetcatalog; path = Images.xcassets; sourceTree = "<group>"; };
		74B84E011AD36BEC0022BECB /* Base */ = {isa = PBXFileReference; lastKnownFileType = file.xib; name = Base; path = Base.lproj/LaunchScreen.xib; sourceTree = "<group>"; };
		74B84E071AD36BEC0022BECB /* moocTests.xctest */ = {isa = PBXFileReference; explicitFileType = wrapper.cfbundle; includeInIndex = 0; path = moocTests.xctest; sourceTree = BUILT_PRODUCTS_DIR; };
		74B84E0C1AD36BEC0022BECB /* Info.plist */ = {isa = PBXFileReference; lastKnownFileType = text.plist.xml; path = Info.plist; sourceTree = "<group>"; };
		74B84E0D1AD36BEC0022BECB /* moocTests.m */ = {isa = PBXFileReference; lastKnownFileType = sourcecode.c.objc; path = moocTests.m; sourceTree = "<group>"; };
		A52F9F571AD3DC8700DC04CF /* LoginViewController.h */ = {isa = PBXFileReference; fileEncoding = 4; lastKnownFileType = sourcecode.c.h; name = LoginViewController.h; path = ../LoginViewController.h; sourceTree = "<group>"; };
		A52F9F581AD3DC8700DC04CF /* LoginViewController.m */ = {isa = PBXFileReference; fileEncoding = 4; lastKnownFileType = sourcecode.c.objc; name = LoginViewController.m; path = ../LoginViewController.m; sourceTree = "<group>"; };
		A52F9F5D1AD3DF8300DC04CF /* AVOSCloud.framework */ = {isa = PBXFileReference; lastKnownFileType = wrapper.framework; name = AVOSCloud.framework; path = "../../Desktop/avoscloud-ios-sdk-v3.0.2/iOS/release-v3.0.2/AVOSCloud.framework"; sourceTree = "<group>"; };
		A52F9F601AD3DFDF00DC04CF /* SystemConfiguration.framework */ = {isa = PBXFileReference; lastKnownFileType = wrapper.framework; name = SystemConfiguration.framework; path = System/Library/Frameworks/SystemConfiguration.framework; sourceTree = SDKROOT; };
		A52F9F621AD3DFED00DC04CF /* MobileCoreServices.framework */ = {isa = PBXFileReference; lastKnownFileType = wrapper.framework; name = MobileCoreServices.framework; path = System/Library/Frameworks/MobileCoreServices.framework; sourceTree = SDKROOT; };
		A52F9F641AD3DFF800DC04CF /* CoreTelephony.framework */ = {isa = PBXFileReference; lastKnownFileType = wrapper.framework; name = CoreTelephony.framework; path = System/Library/Frameworks/CoreTelephony.framework; sourceTree = SDKROOT; };
		A52F9F661AD3E00000DC04CF /* CoreLocation.framework */ = {isa = PBXFileReference; lastKnownFileType = wrapper.framework; name = CoreLocation.framework; path = System/Library/Frameworks/CoreLocation.framework; sourceTree = SDKROOT; };
		A52F9F681AD3E00A00DC04CF /* libicucore.dylib */ = {isa = PBXFileReference; lastKnownFileType = "compiled.mach-o.dylib"; name = libicucore.dylib; path = usr/lib/libicucore.dylib; sourceTree = SDKROOT; };
		A52F9F6A1AD3E17F00DC04CF /* SignUpViewController.h */ = {isa = PBXFileReference; fileEncoding = 4; lastKnownFileType = sourcecode.c.h; name = SignUpViewController.h; path = ../SignUpViewController.h; sourceTree = "<group>"; };
		A52F9F6B1AD3E17F00DC04CF /* SignUpViewController.m */ = {isa = PBXFileReference; fileEncoding = 4; lastKnownFileType = sourcecode.c.objc; name = SignUpViewController.m; path = ../SignUpViewController.m; sourceTree = "<group>"; };
/* End PBXFileReference section */

/* Begin PBXFrameworksBuildPhase section */
		74B84DEB1AD36BEB0022BECB /* Frameworks */ = {
			isa = PBXFrameworksBuildPhase;
			buildActionMask = 2147483647;
			files = (
				A52F9F691AD3E00A00DC04CF /* libicucore.dylib in Frameworks */,
				A52F9F671AD3E00000DC04CF /* CoreLocation.framework in Frameworks */,
				A52F9F651AD3DFF800DC04CF /* CoreTelephony.framework in Frameworks */,
				A52F9F631AD3DFED00DC04CF /* MobileCoreServices.framework in Frameworks */,
				A52F9F611AD3DFDF00DC04CF /* SystemConfiguration.framework in Frameworks */,
				A52F9F5E1AD3DF8300DC04CF /* AVOSCloud.framework in Frameworks */,
			);
			runOnlyForDeploymentPostprocessing = 0;
		};
		74B84E041AD36BEC0022BECB /* Frameworks */ = {
			isa = PBXFrameworksBuildPhase;
			buildActionMask = 2147483647;
			files = (
			);
			runOnlyForDeploymentPostprocessing = 0;
		};
/* End PBXFrameworksBuildPhase section */

/* Begin PBXGroup section */
		74B84DE51AD36BEB0022BECB = {
			isa = PBXGroup;
			children = (
				A52F9F5F1AD3DF9D00DC04CF /* frameworks */,
				74B84DF01AD36BEC0022BECB /* mooc */,
				74B84E0A1AD36BEC0022BECB /* moocTests */,
				74B84DEF1AD36BEC0022BECB /* Products */,
			);
			sourceTree = "<group>";
		};
		74B84DEF1AD36BEC0022BECB /* Products */ = {
			isa = PBXGroup;
			children = (
				74B84DEE1AD36BEC0022BECB /* mooc.app */,
				74B84E071AD36BEC0022BECB /* moocTests.xctest */,
			);
			name = Products;
			sourceTree = "<group>";
		};
		74B84DF01AD36BEC0022BECB /* mooc */ = {
			isa = PBXGroup;
			children = (
				A52F9F571AD3DC8700DC04CF /* LoginViewController.h */,
				A52F9F581AD3DC8700DC04CF /* LoginViewController.m */,
				A52F9F6A1AD3E17F00DC04CF /* SignUpViewController.h */,
				A52F9F6B1AD3E17F00DC04CF /* SignUpViewController.m */,
				74B84DF51AD36BEC0022BECB /* AppDelegate.h */,
				74B84DF61AD36BEC0022BECB /* AppDelegate.m */,
				74B84DFB1AD36BEC0022BECB /* Main.storyboard */,
				74B84DFE1AD36BEC0022BECB /* Images.xcassets */,
				74B84E001AD36BEC0022BECB /* LaunchScreen.xib */,
				74B84DF11AD36BEC0022BECB /* Supporting Files */,
			);
			path = mooc;
			sourceTree = "<group>";
		};
		74B84DF11AD36BEC0022BECB /* Supporting Files */ = {
			isa = PBXGroup;
			children = (
				74B84DF21AD36BEC0022BECB /* Info.plist */,
				74B84DF31AD36BEC0022BECB /* main.m */,
			);
			name = "Supporting Files";
			sourceTree = "<group>";
		};
		74B84E0A1AD36BEC0022BECB /* moocTests */ = {
			isa = PBXGroup;
			children = (
				74B84E0D1AD36BEC0022BECB /* moocTests.m */,
				74B84E0B1AD36BEC0022BECB /* Supporting Files */,
			);
			path = moocTests;
			sourceTree = "<group>";
		};
		74B84E0B1AD36BEC0022BECB /* Supporting Files */ = {
			isa = PBXGroup;
			children = (
				74B84E0C1AD36BEC0022BECB /* Info.plist */,
			);
			name = "Supporting Files";
			sourceTree = "<group>";
		};
		A52F9F5F1AD3DF9D00DC04CF /* frameworks */ = {
			isa = PBXGroup;
			children = (
				A52F9F681AD3E00A00DC04CF /* libicucore.dylib */,
				A52F9F661AD3E00000DC04CF /* CoreLocation.framework */,
				A52F9F641AD3DFF800DC04CF /* CoreTelephony.framework */,
				A52F9F621AD3DFED00DC04CF /* MobileCoreServices.framework */,
				A52F9F601AD3DFDF00DC04CF /* SystemConfiguration.framework */,
				A52F9F5D1AD3DF8300DC04CF /* AVOSCloud.framework */,
			);
			name = frameworks;
			sourceTree = "<group>";
		};
/* End PBXGroup section */

/* Begin PBXNativeTarget section */
		74B84DED1AD36BEB0022BECB /* mooc */ = {
			isa = PBXNativeTarget;
			buildConfigurationList = 74B84E111AD36BEC0022BECB /* Build configuration list for PBXNativeTarget "mooc" */;
			buildPhases = (
				74B84DEA1AD36BEB0022BECB /* Sources */,
				74B84DEB1AD36BEB0022BECB /* Frameworks */,
				74B84DEC1AD36BEB0022BECB /* Resources */,
			);
			buildRules = (
			);
			dependencies = (
			);
			name = mooc;
			productName = mooc;
			productReference = 74B84DEE1AD36BEC0022BECB /* mooc.app */;
			productType = "com.apple.product-type.application";
		};
		74B84E061AD36BEC0022BECB /* moocTests */ = {
			isa = PBXNativeTarget;
			buildConfigurationList = 74B84E141AD36BEC0022BECB /* Build configuration list for PBXNativeTarget "moocTests" */;
			buildPhases = (
				74B84E031AD36BEC0022BECB /* Sources */,
				74B84E041AD36BEC0022BECB /* Frameworks */,
				74B84E051AD36BEC0022BECB /* Resources */,
			);
			buildRules = (
			);
			dependencies = (
				74B84E091AD36BEC0022BECB /* PBXTargetDependency */,
			);
			name = moocTests;
			productName = moocTests;
			productReference = 74B84E071AD36BEC0022BECB /* moocTests.xctest */;
			productType = "com.apple.product-type.bundle.unit-test";
		};
/* End PBXNativeTarget section */

/* Begin PBXProject section */
		74B84DE61AD36BEB0022BECB /* Project object */ = {
			isa = PBXProject;
			attributes = {
				LastUpgradeCheck = 0600;
				ORGANIZATIONNAME = Ivan;
				TargetAttributes = {
					74B84DED1AD36BEB0022BECB = {
						CreatedOnToolsVersion = 6.0;
					};
					74B84E061AD36BEC0022BECB = {
						CreatedOnToolsVersion = 6.0;
						TestTargetID = 74B84DED1AD36BEB0022BECB;
					};
				};
			};
			buildConfigurationList = 74B84DE91AD36BEB0022BECB /* Build configuration list for PBXProject "mooc" */;
			compatibilityVersion = "Xcode 3.2";
			developmentRegion = English;
			hasScannedForEncodings = 0;
			knownRegions = (
				en,
				Base,
			);
			mainGroup = 74B84DE51AD36BEB0022BECB;
			productRefGroup = 74B84DEF1AD36BEC0022BECB /* Products */;
			projectDirPath = "";
			projectRoot = "";
			targets = (
				74B84DED1AD36BEB0022BECB /* mooc */,
				74B84E061AD36BEC0022BECB /* moocTests */,
			);
		};
/* End PBXProject section */

/* Begin PBXResourcesBuildPhase section */
		74B84DEC1AD36BEB0022BECB /* Resources */ = {
			isa = PBXResourcesBuildPhase;
			buildActionMask = 2147483647;
			files = (
				74B84DFD1AD36BEC0022BECB /* Main.storyboard in Resources */,
				74B84E021AD36BEC0022BECB /* LaunchScreen.xib in Resources */,
				74B84DFF1AD36BEC0022BECB /* Images.xcassets in Resources */,
			);
			runOnlyForDeploymentPostprocessing = 0;
		};
		74B84E051AD36BEC0022BECB /* Resources */ = {
			isa = PBXResourcesBuildPhase;
			buildActionMask = 2147483647;
			files = (
			);
			runOnlyForDeploymentPostprocessing = 0;
		};
/* End PBXResourcesBuildPhase section */

/* Begin PBXSourcesBuildPhase section */
		74B84DEA1AD36BEB0022BECB /* Sources */ = {
			isa = PBXSourcesBuildPhase;
			buildActionMask = 2147483647;
			files = (
				74B84DF71AD36BEC0022BECB /* AppDelegate.m in Sources */,
				74B84DF41AD36BEC0022BECB /* main.m in Sources */,
				A52F9F6C1AD3E17F00DC04CF /* SignUpViewController.m in Sources */,
				A52F9F591AD3DC8700DC04CF /* LoginViewController.m in Sources */,
			);
			runOnlyForDeploymentPostprocessing = 0;
		};
		74B84E031AD36BEC0022BECB /* Sources */ = {
			isa = PBXSourcesBuildPhase;
			buildActionMask = 2147483647;
			files = (
				74B84E0E1AD36BEC0022BECB /* moocTests.m in Sources */,
			);
			runOnlyForDeploymentPostprocessing = 0;
		};
/* End PBXSourcesBuildPhase section */

/* Begin PBXTargetDependency section */
		74B84E091AD36BEC0022BECB /* PBXTargetDependency */ = {
			isa = PBXTargetDependency;
			target = 74B84DED1AD36BEB0022BECB /* mooc */;
			targetProxy = 74B84E081AD36BEC0022BECB /* PBXContainerItemProxy */;
		};
/* End PBXTargetDependency section */

/* Begin PBXVariantGroup section */
		74B84DFB1AD36BEC0022BECB /* Main.storyboard */ = {
			isa = PBXVariantGroup;
			children = (
				74B84DFC1AD36BEC0022BECB /* Base */,
			);
			name = Main.storyboard;
			sourceTree = "<group>";
		};
		74B84E001AD36BEC0022BECB /* LaunchScreen.xib */ = {
			isa = PBXVariantGroup;
			children = (
				74B84E011AD36BEC0022BECB /* Base */,
			);
			name = LaunchScreen.xib;
			sourceTree = "<group>";
		};
/* End PBXVariantGroup section */

/* Begin XCBuildConfiguration section */
		74B84E0F1AD36BEC0022BECB /* Debug */ = {
			isa = XCBuildConfiguration;
			buildSettings = {
				ALWAYS_SEARCH_USER_PATHS = NO;
				CLANG_CXX_LANGUAGE_STANDARD = "gnu++0x";
				CLANG_CXX_LIBRARY = "libc++";
				CLANG_ENABLE_MODULES = YES;
				CLANG_ENABLE_OBJC_ARC = YES;
				CLANG_WARN_BOOL_CONVERSION = YES;
				CLANG_WARN_CONSTANT_CONVERSION = YES;
				CLANG_WARN_DIRECT_OBJC_ISA_USAGE = YES_ERROR;
				CLANG_WARN_EMPTY_BODY = YES;
				CLANG_WARN_ENUM_CONVERSION = YES;
				CLANG_WARN_INT_CONVERSION = YES;
				CLANG_WARN_OBJC_ROOT_CLASS = YES_ERROR;
				CLANG_WARN_UNREACHABLE_CODE = YES;
				CLANG_WARN__DUPLICATE_METHOD_MATCH = YES;
				"CODE_SIGN_IDENTITY[sdk=iphoneos*]" = "iPhone Developer";
				COPY_PHASE_STRIP = NO;
				ENABLE_STRICT_OBJC_MSGSEND = YES;
				GCC_C_LANGUAGE_STANDARD = gnu99;
				GCC_DYNAMIC_NO_PIC = NO;
				GCC_OPTIMIZATION_LEVEL = 0;
				GCC_PREPROCESSOR_DEFINITIONS = (
					"DEBUG=1",
					"$(inherited)",
				);
				GCC_SYMBOLS_PRIVATE_EXTERN = NO;
				GCC_WARN_64_TO_32_BIT_CONVERSION = YES;
				GCC_WARN_ABOUT_RETURN_TYPE = YES_ERROR;
				GCC_WARN_UNDECLARED_SELECTOR = YES;
				GCC_WARN_UNINITIALIZED_AUTOS = YES_AGGRESSIVE;
				GCC_WARN_UNUSED_FUNCTION = YES;
				GCC_WARN_UNUSED_VARIABLE = YES;
				IPHONEOS_DEPLOYMENT_TARGET = 8.0;
				MTL_ENABLE_DEBUG_INFO = YES;
				ONLY_ACTIVE_ARCH = YES;
				SDKROOT = iphoneos;
			};
			name = Debug;
		};
		74B84E101AD36BEC0022BECB /* Release */ = {
			isa = XCBuildConfiguration;
			buildSettings = {
				ALWAYS_SEARCH_USER_PATHS = NO;
				CLANG_CXX_LANGUAGE_STANDARD = "gnu++0x";
				CLANG_CXX_LIBRARY = "libc++";
				CLANG_ENABLE_MODULES = YES;
				CLANG_ENABLE_OBJC_ARC = YES;
				CLANG_WARN_BOOL_CONVERSION = YES;
				CLANG_WARN_CONSTANT_CONVERSION = YES;
				CLANG_WARN_DIRECT_OBJC_ISA_USAGE = YES_ERROR;
				CLANG_WARN_EMPTY_BODY = YES;
				CLANG_WARN_ENUM_CONVERSION = YES;
				CLANG_WARN_INT_CONVERSION = YES;
				CLANG_WARN_OBJC_ROOT_CLASS = YES_ERROR;
				CLANG_WARN_UNREACHABLE_CODE = YES;
				CLANG_WARN__DUPLICATE_METHOD_MATCH = YES;
				"CODE_SIGN_IDENTITY[sdk=iphoneos*]" = "iPhone Developer";
				COPY_PHASE_STRIP = YES;
				ENABLE_NS_ASSERTIONS = NO;
				ENABLE_STRICT_OBJC_MSGSEND = YES;
				GCC_C_LANGUAGE_STANDARD = gnu99;
				GCC_WARN_64_TO_32_BIT_CONVERSION = YES;
				GCC_WARN_ABOUT_RETURN_TYPE = YES_ERROR;
				GCC_WARN_UNDECLARED_SELECTOR = YES;
				GCC_WARN_UNINITIALIZED_AUTOS = YES_AGGRESSIVE;
				GCC_WARN_UNUSED_FUNCTION = YES;
				GCC_WARN_UNUSED_VARIABLE = YES;
				IPHONEOS_DEPLOYMENT_TARGET = 8.0;
				MTL_ENABLE_DEBUG_INFO = NO;
				SDKROOT = iphoneos;
				VALIDATE_PRODUCT = YES;
			};
			name = Release;
		};
		74B84E121AD36BEC0022BECB /* Debug */ = {
			isa = XCBuildConfiguration;
			buildSettings = {
				ASSETCATALOG_COMPILER_APPICON_NAME = AppIcon;
				CODE_SIGN_IDENTITY = "iPhone Developer: quanlan huang (L4MC53BS3Z)";
				FRAMEWORK_SEARCH_PATHS = (
					"$(inherited)",
					"/Users/niclas/Desktop/avoscloud-ios-sdk-v3.0.2/iOS/release-v3.0.2",
				);
				INFOPLIST_FILE = mooc/Info.plist;
				LD_RUNPATH_SEARCH_PATHS = "$(inherited) @executable_path/Frameworks";
				PRODUCT_NAME = "$(TARGET_NAME)";
				PROVISIONING_PROFILE = "8ba9f3ec-dce8-4b87-88f3-64e61073b1ea";
			};
			name = Debug;
		};
		74B84E131AD36BEC0022BECB /* Release */ = {
			isa = XCBuildConfiguration;
			buildSettings = {
				ASSETCATALOG_COMPILER_APPICON_NAME = AppIcon;
				CODE_SIGN_IDENTITY = "iPhone Developer: quanlan huang (L4MC53BS3Z)";
				FRAMEWORK_SEARCH_PATHS = (
					"$(inherited)",
					"/Users/niclas/Desktop/avoscloud-ios-sdk-v3.0.2/iOS/release-v3.0.2",
				);
				INFOPLIST_FILE = mooc/Info.plist;
				LD_RUNPATH_SEARCH_PATHS = "$(inherited) @executable_path/Frameworks";
				PRODUCT_NAME = "$(TARGET_NAME)";
				PROVISIONING_PROFILE = "8ba9f3ec-dce8-4b87-88f3-64e61073b1ea";
			};
			name = Release;
		};
		74B84E151AD36BEC0022BECB /* Debug */ = {
			isa = XCBuildConfiguration;
			buildSettings = {
				BUNDLE_LOADER = "$(TEST_HOST)";
				FRAMEWORK_SEARCH_PATHS = (
					"$(SDKROOT)/Developer/Library/Frameworks",
					"$(inherited)",
				);
				GCC_PREPROCESSOR_DEFINITIONS = (
					"DEBUG=1",
					"$(inherited)",
				);
				INFOPLIST_FILE = moocTests/Info.plist;
				LD_RUNPATH_SEARCH_PATHS = "$(inherited) @executable_path/Frameworks @loader_path/Frameworks";
				PRODUCT_NAME = "$(TARGET_NAME)";
				TEST_HOST = "$(BUILT_PRODUCTS_DIR)/mooc.app/mooc";
			};
			name = Debug;
		};
		74B84E161AD36BEC0022BECB /* Release */ = {
			isa = XCBuildConfiguration;
			buildSettings = {
				BUNDLE_LOADER = "$(TEST_HOST)";
				FRAMEWORK_SEARCH_PATHS = (
					"$(SDKROOT)/Developer/Library/Frameworks",
					"$(inherited)",
				);
				INFOPLIST_FILE = moocTests/Info.plist;
				LD_RUNPATH_SEARCH_PATHS = "$(inherited) @executable_path/Frameworks @loader_path/Frameworks";
				PRODUCT_NAME = "$(TARGET_NAME)";
				TEST_HOST = "$(BUILT_PRODUCTS_DIR)/mooc.app/mooc";
			};
			name = Release;
		};
/* End XCBuildConfiguration section */

/* Begin XCConfigurationList section */
		74B84DE91AD36BEB0022BECB /* Build configuration list for PBXProject "mooc" */ = {
			isa = XCConfigurationList;
			buildConfigurations = (
				74B84E0F1AD36BEC0022BECB /* Debug */,
				74B84E101AD36BEC0022BECB /* Release */,
			);
			defaultConfigurationIsVisible = 0;
			defaultConfigurationName = Release;
		};
		74B84E111AD36BEC0022BECB /* Build configuration list for PBXNativeTarget "mooc" */ = {
			isa = XCConfigurationList;
			buildConfigurations = (
				74B84E121AD36BEC0022BECB /* Debug */,
				74B84E131AD36BEC0022BECB /* Release */,
			);
			defaultConfigurationIsVisible = 0;
			defaultConfigurationName = Release;
		};
		74B84E141AD36BEC0022BECB /* Build configuration list for PBXNativeTarget "moocTests" */ = {
			isa = XCConfigurationList;
			buildConfigurations = (
				74B84E151AD36BEC0022BECB /* Debug */,
				74B84E161AD36BEC0022BECB /* Release */,
			);
			defaultConfigurationIsVisible = 0;
			defaultConfigurationName = Release;
		};
/* End XCConfigurationList section */
	};
	rootObject = 74B84DE61AD36BEB0022BECB /* Project object */;
}
